
Microsoft Visual Studio Solution File, Format Version 12.00
# Visual Studio Version 16
VisualStudioVersion = 16.0.30517.126
MinimumVisualStudioVersion = 10.0.40219.1
Project("{888888A0-9F3D-457C-B088-3A5042F75D52}") = "Proyecto_2", "Proyecto_2\Proyecto_2.pyproj", "{6F0ADB65-523D-4C2D-81EA-82ED976FBEA0}"
EndProject
Global
	GlobalSection(SolutionConfigurationPlatforms) = preSolution
		Debug|Any CPU = Debug|Any CPU
		Release|Any CPU = Release|Any CPU
	EndGlobalSection
	GlobalSection(ProjectConfigurationPlatforms) = postSolution
		{6F0ADB65-523D-4C2D-81EA-82ED976FBEA0}.Debug|Any CPU.ActiveCfg = Debug|Any CPU
		{6F0ADB65-523D-4C2D-81EA-82ED976FBEA0}.Release|Any CPU.ActiveCfg = Release|Any CPU
	EndGlobalSection
	GlobalSection(SolutionProperties) = preSolution
		HideSolutionNode = FALSE
	EndGlobalSection
	GlobalSection(ExtensibilityGlobals) = postSolution
		SolutionGuid = {E2F2BE72-C749-41CA-A874-4CF0E635C2E8}
	EndGlobalSection
EndGlobal
